// !$*UTF8*$!
{
	archiveVersion = 1;
	classes = {
	};
	objectVersion = 50;
	objects = {

/* Begin PBXBuildFile section */
		88136E722318B8F700673FC7 /* AppDelegate.swift in Sources */ = {isa = PBXBuildFile; fileRef = 88136E712318B8F700673FC7 /* AppDelegate.swift */; };
		88136E742318B8F700673FC7 /* art.scnassets in Resources */ = {isa = PBXBuildFile; fileRef = 88136E732318B8F700673FC7 /* art.scnassets */; };
		88136E762318B8F700673FC7 /* ViewController.swift in Sources */ = {isa = PBXBuildFile; fileRef = 88136E752318B8F700673FC7 /* ViewController.swift */; };
		88136E792318B8F700673FC7 /* Main.storyboard in Resources */ = {isa = PBXBuildFile; fileRef = 88136E772318B8F700673FC7 /* Main.storyboard */; };
		88136E7B2318B8F900673FC7 /* Assets.xcassets in Resources */ = {isa = PBXBuildFile; fileRef = 88136E7A2318B8F900673FC7 /* Assets.xcassets */; };
		88136E7E2318B8F900673FC7 /* LaunchScreen.storyboard in Resources */ = {isa = PBXBuildFile; fileRef = 88136E7C2318B8F900673FC7 /* LaunchScreen.storyboard */; };
		88136E892318B8F900673FC7 /* BasketballWorksJNB82292019Tests.swift in Sources */ = {isa = PBXBuildFile; fileRef = 88136E882318B8F900673FC7 /* BasketballWorksJNB82292019Tests.swift */; };
		88136E942318B8F900673FC7 /* BasketballWorksJNB82292019UITests.swift in Sources */ = {isa = PBXBuildFile; fileRef = 88136E932318B8F900673FC7 /* BasketballWorksJNB82292019UITests.swift */; };
/* End PBXBuildFile section */

/* Begin PBXContainerItemProxy section */
		88136E852318B8F900673FC7 /* PBXContainerItemProxy */ = {
			isa = PBXContainerItemProxy;
			containerPortal = 88136E662318B8F700673FC7 /* Project object */;
			proxyType = 1;
			remoteGlobalIDString = 88136E6D2318B8F700673FC7;
			remoteInfo = BasketballWorksJNB82292019;
		};
		88136E902318B8F900673FC7 /* PBXContainerItemProxy */ = {
			isa = PBXContainerItemProxy;
			containerPortal = 88136E662318B8F700673FC7 /* Project object */;
			proxyType = 1;
			remoteGlobalIDString = 88136E6D2318B8F700673FC7;
			remoteInfo = BasketballWorksJNB82292019;
		};
/* End PBXContainerItemProxy section */

/* Begin PBXFileReference section */
		88136E6E2318B8F700673FC7 /* BasketballWorksJNB82292019.app */ = {isa = PBXFileReference; explicitFileType = wrapper.application; includeInIndex = 0; path = BasketballWorksJNB82292019.app; sourceTree = BUILT_PRODUCTS_DIR; };
		88136E712318B8F700673FC7 /* AppDelegate.swift */ = {isa = PBXFileReference; lastKnownFileType = sourcecode.swift; path = AppDelegate.swift; sourceTree = "<group>"; };
		88136E732318B8F700673FC7 /* art.scnassets */ = {isa = PBXFileReference; lastKnownFileType = wrapper.scnassets; path = art.scnassets; sourceTree = "<group>"; };
		88136E752318B8F700673FC7 /* ViewController.swift */ = {isa = PBXFileReference; lastKnownFileType = sourcecode.swift; path = ViewController.swift; sourceTree = "<group>"; };
		88136E782318B8F700673FC7 /* Base */ = {isa = PBXFileReference; lastKnownFileType = file.storyboard; name = Base; path = Base.lproj/Main.storyboard; sourceTree = "<group>"; };
		88136E7A2318B8F900673FC7 /* Assets.xcassets */ = {isa = PBXFileReference; lastKnownFileType = folder.assetcatalog; path = Assets.xcassets; sourceTree = "<group>"; };
		88136E7D2318B8F900673FC7 /* Base */ = {isa = PBXFileReference; lastKnownFileType = file.storyboard; name = Base; path = Base.lproj/LaunchScreen.storyboard; sourceTree = "<group>"; };
		88136E7F2318B8F900673FC7 /* Info.plist */ = {isa = PBXFileReference; lastKnownFileType = text.plist.xml; path = Info.plist; sourceTree = "<group>"; };
		88136E842318B8F900673FC7 /* BasketballWorksJNB82292019Tests.xctest */ = {isa = PBXFileReference; explicitFileType = wrapper.cfbundle; includeInIndex = 0; path = BasketballWorksJNB82292019Tests.xctest; sourceTree = BUILT_PRODUCTS_DIR; };
		88136E882318B8F900673FC7 /* BasketballWorksJNB82292019Tests.swift */ = {isa = PBXFileReference; lastKnownFileType = sourcecode.swift; path = BasketballWorksJNB82292019Tests.swift; sourceTree = "<group>"; };
		88136E8A2318B8F900673FC7 /* Info.plist */ = {isa = PBXFileReference; lastKnownFileType = text.plist.xml; path = Info.plist; sourceTree = "<group>"; };
		88136E8F2318B8F900673FC7 /* BasketballWorksJNB82292019UITests.xctest */ = {isa = PBXFileReference; explicitFileType = wrapper.cfbundle; includeInIndex = 0; path = BasketballWorksJNB82292019UITests.xctest; sourceTree = BUILT_PRODUCTS_DIR; };
		88136E932318B8F900673FC7 /* BasketballWorksJNB82292019UITests.swift */ = {isa = PBXFileReference; lastKnownFileType = sourcecode.swift; path = BasketballWorksJNB82292019UITests.swift; sourceTree = "<group>"; };
		88136E952318B8F900673FC7 /* Info.plist */ = {isa = PBXFileReference; lastKnownFileType = text.plist.xml; path = Info.plist; sourceTree = "<group>"; };
/* End PBXFileReference section */

/* Begin PBXFrameworksBuildPhase section */
		88136E6B2318B8F700673FC7 /* Frameworks */ = {
			isa = PBXFrameworksBuildPhase;
			buildActionMask = 2147483647;
			files = (
			);
			runOnlyForDeploymentPostprocessing = 0;
		};
		88136E812318B8F900673FC7 /* Frameworks */ = {
			isa = PBXFrameworksBuildPhase;
			buildActionMask = 2147483647;
			files = (
			);
			runOnlyForDeploymentPostprocessing = 0;
		};
		88136E8C2318B8F900673FC7 /* Frameworks */ = {
			isa = PBXFrameworksBuildPhase;
			buildActionMask = 2147483647;
			files = (
			);
			runOnlyForDeploymentPostprocessing = 0;
		};
/* End PBXFrameworksBuildPhase section */

/* Begin PBXGroup section */
		88136E652318B8F700673FC7 = {
			isa = PBXGroup;
			children = (
				88136E702318B8F700673FC7 /* BasketballWorksJNB82292019 */,
				88136E872318B8F900673FC7 /* BasketballWorksJNB82292019Tests */,
				88136E922318B8F900673FC7 /* BasketballWorksJNB82292019UITests */,
				88136E6F2318B8F700673FC7 /* Products */,
			);
			sourceTree = "<group>";
		};
		88136E6F2318B8F700673FC7 /* Products */ = {
			isa = PBXGroup;
			children = (
				88136E6E2318B8F700673FC7 /* BasketballWorksJNB82292019.app */,
				88136E842318B8F900673FC7 /* BasketballWorksJNB82292019Tests.xctest */,
				88136E8F2318B8F900673FC7 /* BasketballWorksJNB82292019UITests.xctest */,
			);
			name = Products;
			sourceTree = "<group>";
		};
		88136E702318B8F700673FC7 /* BasketballWorksJNB82292019 */ = {
			isa = PBXGroup;
			children = (
				88136E712318B8F700673FC7 /* AppDelegate.swift */,
				88136E732318B8F700673FC7 /* art.scnassets */,
				88136E752318B8F700673FC7 /* ViewController.swift */,
				88136E772318B8F700673FC7 /* Main.storyboard */,
				88136E7A2318B8F900673FC7 /* Assets.xcassets */,
				88136E7C2318B8F900673FC7 /* LaunchScreen.storyboard */,
				88136E7F2318B8F900673FC7 /* Info.plist */,
			);
			path = BasketballWorksJNB82292019;
			sourceTree = "<group>";
		};
		88136E872318B8F900673FC7 /* BasketballWorksJNB82292019Tests */ = {
			isa = PBXGroup;
			children = (
				88136E882318B8F900673FC7 /* BasketballWorksJNB82292019Tests.swift */,
				88136E8A2318B8F900673FC7 /* Info.plist */,
			);
			path = BasketballWorksJNB82292019Tests;
			sourceTree = "<group>";
		};
		88136E922318B8F900673FC7 /* BasketballWorksJNB82292019UITests */ = {
			isa = PBXGroup;
			children = (
				88136E932318B8F900673FC7 /* BasketballWorksJNB82292019UITests.swift */,
				88136E952318B8F900673FC7 /* Info.plist */,
			);
			path = BasketballWorksJNB82292019UITests;
			sourceTree = "<group>";
		};
/* End PBXGroup section */

/* Begin PBXNativeTarget section */
		88136E6D2318B8F700673FC7 /* BasketballWorksJNB82292019 */ = {
			isa = PBXNativeTarget;
			buildConfigurationList = 88136E982318B8F900673FC7 /* Build configuration list for PBXNativeTarget "BasketballWorksJNB82292019" */;
			buildPhases = (
				88136E6A2318B8F700673FC7 /* Sources */,
				88136E6B2318B8F700673FC7 /* Frameworks */,
				88136E6C2318B8F700673FC7 /* Resources */,
			);
			buildRules = (
			);
			dependencies = (
			);
			name = BasketballWorksJNB82292019;
			productName = BasketballWorksJNB82292019;
			productReference = 88136E6E2318B8F700673FC7 /* BasketballWorksJNB82292019.app */;
			productType = "com.apple.product-type.application";
		};
		88136E832318B8F900673FC7 /* BasketballWorksJNB82292019Tests */ = {
			isa = PBXNativeTarget;
			buildConfigurationList = 88136E9B2318B8F900673FC7 /* Build configuration list for PBXNativeTarget "BasketballWorksJNB82292019Tests" */;
			buildPhases = (
				88136E802318B8F900673FC7 /* Sources */,
				88136E812318B8F900673FC7 /* Frameworks */,
				88136E822318B8F900673FC7 /* Resources */,
			);
			buildRules = (
			);
			dependencies = (
				88136E862318B8F900673FC7 /* PBXTargetDependency */,
			);
			name = BasketballWorksJNB82292019Tests;
			productName = BasketballWorksJNB82292019Tests;
			productReference = 88136E842318B8F900673FC7 /* BasketballWorksJNB82292019Tests.xctest */;
			productType = "com.apple.product-type.bundle.unit-test";
		};
		88136E8E2318B8F900673FC7 /* BasketballWorksJNB82292019UITests */ = {
			isa = PBXNativeTarget;
			buildConfigurationList = 88136E9E2318B8F900673FC7 /* Build configuration list for PBXNativeTarget "BasketballWorksJNB82292019UITests" */;
			buildPhases = (
				88136E8B2318B8F900673FC7 /* Sources */,
				88136E8C2318B8F900673FC7 /* Frameworks */,
				88136E8D2318B8F900673FC7 /* Resources */,
			);
			buildRules = (
			);
			dependencies = (
				88136E912318B8F900673FC7 /* PBXTargetDependency */,
			);
			name = BasketballWorksJNB82292019UITests;
			productName = BasketballWorksJNB82292019UITests;
			productReference = 88136E8F2318B8F900673FC7 /* BasketballWorksJNB82292019UITests.xctest */;
			productType = "com.apple.product-type.bundle.ui-testing";
		};
/* End PBXNativeTarget section */

/* Begin PBXProject section */
		88136E662318B8F700673FC7 /* Project object */ = {
			isa = PBXProject;
			attributes = {
				LastSwiftUpdateCheck = 1030;
				LastUpgradeCheck = 1030;
				ORGANIZATIONNAME = "JOY BEST";
				TargetAttributes = {
					88136E6D2318B8F700673FC7 = {
						CreatedOnToolsVersion = 10.3;
					};
					88136E832318B8F900673FC7 = {
						CreatedOnToolsVersion = 10.3;
						TestTargetID = 88136E6D2318B8F700673FC7;
					};
					88136E8E2318B8F900673FC7 = {
						CreatedOnToolsVersion = 10.3;
						TestTargetID = 88136E6D2318B8F700673FC7;
					};
				};
			};
			buildConfigurationList = 88136E692318B8F700673FC7 /* Build configuration list for PBXProject "BasketballWorksJNB82292019" */;
			compatibilityVersion = "Xcode 9.3";
			developmentRegion = en;
			hasScannedForEncodings = 0;
			knownRegions = (
				en,
				Base,
			);
			mainGroup = 88136E652318B8F700673FC7;
			productRefGroup = 88136E6F2318B8F700673FC7 /* Products */;
			projectDirPath = "";
			projectRoot = "";
			targets = (
				88136E6D2318B8F700673FC7 /* BasketballWorksJNB82292019 */,
				88136E832318B8F900673FC7 /* BasketballWorksJNB82292019Tests */,
				88136E8E2318B8F900673FC7 /* BasketballWorksJNB82292019UITests */,
			);
		};
/* End PBXProject section */

/* Begin PBXResourcesBuildPhase section */
		88136E6C2318B8F700673FC7 /* Resources */ = {
			isa = PBXResourcesBuildPhase;
			buildActionMask = 2147483647;
			files = (
				88136E742318B8F700673FC7 /* art.scnassets in Resources */,
				88136E7E2318B8F900673FC7 /* LaunchScreen.storyboard in Resources */,
				88136E7B2318B8F900673FC7 /* Assets.xcassets in Resources */,
				88136E792318B8F700673FC7 /* Main.storyboard in Resources */,
			);
			runOnlyForDeploymentPostprocessing = 0;
		};
		88136E822318B8F900673FC7 /* Resources */ = {
			isa = PBXResourcesBuildPhase;
			buildActionMask = 2147483647;
			files = (
			);
			runOnlyForDeploymentPostprocessing = 0;
		};
		88136E8D2318B8F900673FC7 /* Resources */ = {
			isa = PBXResourcesBuildPhase;
			buildActionMask = 2147483647;
			files = (
			);
			runOnlyForDeploymentPostprocessing = 0;
		};
/* End PBXResourcesBuildPhase section */

/* Begin PBXSourcesBuildPhase section */
		88136E6A2318B8F700673FC7 /* Sources */ = {
			isa = PBXSourcesBuildPhase;
			buildActionMask = 2147483647;
			files = (
				88136E762318B8F700673FC7 /* ViewController.swift in Sources */,
				88136E722318B8F700673FC7 /* AppDelegate.swift in Sources */,
			);
			runOnlyForDeploymentPostprocessing = 0;
		};
		88136E802318B8F900673FC7 /* Sources */ = {
			isa = PBXSourcesBuildPhase;
			buildActionMask = 2147483647;
			files = (
				88136E892318B8F900673FC7 /* BasketballWorksJNB82292019Tests.swift in Sources */,
			);
			runOnlyForDeploymentPostprocessing = 0;
		};
		88136E8B2318B8F900673FC7 /* Sources */ = {
			isa = PBXSourcesBuildPhase;
			buildActionMask = 2147483647;
			files = (
				88136E942318B8F900673FC7 /* BasketballWorksJNB82292019UITests.swift in Sources */,
			);
			runOnlyForDeploymentPostprocessing = 0;
		};
/* End PBXSourcesBuildPhase section */

/* Begin PBXTargetDependency section */
		88136E862318B8F900673FC7 /* PBXTargetDependency */ = {
			isa = PBXTargetDependency;
			target = 88136E6D2318B8F700673FC7 /* BasketballWorksJNB82292019 */;
			targetProxy = 88136E852318B8F900673FC7 /* PBXContainerItemProxy */;
		};
		88136E912318B8F900673FC7 /* PBXTargetDependency */ = {
			isa = PBXTargetDependency;
			target = 88136E6D2318B8F700673FC7 /* BasketballWorksJNB82292019 */;
			targetProxy = 88136E902318B8F900673FC7 /* PBXContainerItemProxy */;
		};
/* End PBXTargetDependency section */

/* Begin PBXVariantGroup section */
		88136E772318B8F700673FC7 /* Main.storyboard */ = {
			isa = PBXVariantGroup;
			children = (
				88136E782318B8F700673FC7 /* Base */,
			);
			name = Main.storyboard;
			sourceTree = "<group>";
		};
		88136E7C2318B8F900673FC7 /* LaunchScreen.storyboard */ = {
			isa = PBXVariantGroup;
			children = (
				88136E7D2318B8F900673FC7 /* Base */,
			);
			name = LaunchScreen.storyboard;
			sourceTree = "<group>";
		};
/* End PBXVariantGroup section */

/* Begin XCBuildConfiguration section */
		88136E962318B8F900673FC7 /* Debug */ = {
			isa = XCBuildConfiguration;
			buildSettings = {
				ALWAYS_SEARCH_USER_PATHS = NO;
				CLANG_ANALYZER_NONNULL = YES;
				CLANG_ANALYZER_NUMBER_OBJECT_CONVERSION = YES_AGGRESSIVE;
				CLANG_CXX_LANGUAGE_STANDARD = "gnu++14";
				CLANG_CXX_LIBRARY = "libc++";
				CLANG_ENABLE_MODULES = YES;
				CLANG_ENABLE_OBJC_ARC = YES;
				CLANG_ENABLE_OBJC_WEAK = YES;
				CLANG_WARN_BLOCK_CAPTURE_AUTORELEASING = YES;
				CLANG_WARN_BOOL_CONVERSION = YES;
				CLANG_WARN_COMMA = YES;
				CLANG_WARN_CONSTANT_CONVERSION = YES;
				CLANG_WARN_DEPRECATED_OBJC_IMPLEMENTATIONS = YES;
				CLANG_WARN_DIRECT_OBJC_ISA_USAGE = YES_ERROR;
				CLANG_WARN_DOCUMENTATION_COMMENTS = YES;
				CLANG_WARN_EMPTY_BODY = YES;
				CLANG_WARN_ENUM_CONVERSION = YES;
				CLANG_WARN_INFINITE_RECURSION = YES;
				CLANG_WARN_INT_CONVERSION = YES;
				CLANG_WARN_NON_LITERAL_NULL_CONVERSION = YES;
				CLANG_WARN_OBJC_IMPLICIT_RETAIN_SELF = YES;
				CLANG_WARN_OBJC_LITERAL_CONVERSION = YES;
				CLANG_WARN_OBJC_ROOT_CLASS = YES_ERROR;
				CLANG_WARN_RANGE_LOOP_ANALYSIS = YES;
				CLANG_WARN_STRICT_PROTOTYPES = YES;
				CLANG_WARN_SUSPICIOUS_MOVE = YES;
				CLANG_WARN_UNGUARDED_AVAILABILITY = YES_AGGRESSIVE;
				CLANG_WARN_UNREACHABLE_CODE = YES;
				CLANG_WARN__DUPLICATE_METHOD_MATCH = YES;
				CODE_SIGN_IDENTITY = "iPhone Developer";
				COPY_PHASE_STRIP = NO;
				DEBUG_INFORMATION_FORMAT = dwarf;
				ENABLE_STRICT_OBJC_MSGSEND = YES;
				ENABLE_TESTABILITY = YES;
				GCC_C_LANGUAGE_STANDARD = gnu11;
				GCC_DYNAMIC_NO_PIC = NO;
				GCC_NO_COMMON_BLOCKS = YES;
				GCC_OPTIMIZATION_LEVEL = 0;
				GCC_PREPROCESSOR_DEFINITIONS = (
					"DEBUG=1",
					"$(inherited)",
				);
				GCC_WARN_64_TO_32_BIT_CONVERSION = YES;
				GCC_WARN_ABOUT_RETURN_TYPE = YES_ERROR;
				GCC_WARN_UNDECLARED_SELECTOR = YES;
				GCC_WARN_UNINITIALIZED_AUTOS = YES_AGGRESSIVE;
				GCC_WARN_UNUSED_FUNCTION = YES;
				GCC_WARN_UNUSED_VARIABLE = YES;
				IPHONEOS_DEPLOYMENT_TARGET = 12.4;
				MTL_ENABLE_DEBUG_INFO = INCLUDE_SOURCE;
				MTL_FAST_MATH = YES;
				ONLY_ACTIVE_ARCH = YES;
				SDKROOT = iphoneos;
				SWIFT_ACTIVE_COMPILATION_CONDITIONS = DEBUG;
				SWIFT_OPTIMIZATION_LEVEL = "-Onone";
			};
			name = Debug;
		};
		88136E972318B8F900673FC7 /* Release */ = {
			isa = XCBuildConfiguration;
			buildSettings = {
				ALWAYS_SEARCH_USER_PATHS = NO;
				CLANG_ANALYZER_NONNULL = YES;
				CLANG_ANALYZER_NUMBER_OBJECT_CONVERSION = YES_AGGRESSIVE;
				CLANG_CXX_LANGUAGE_STANDARD = "gnu++14";
				CLANG_CXX_LIBRARY = "libc++";
				CLANG_ENABLE_MODULES = YES;
				CLANG_ENABLE_OBJC_ARC = YES;
				CLANG_ENABLE_OBJC_WEAK = YES;
				CLANG_WARN_BLOCK_CAPTURE_AUTORELEASING = YES;
				CLANG_WARN_BOOL_CONVERSION = YES;
				CLANG_WARN_COMMA = YES;
				CLANG_WARN_CONSTANT_CONVERSION = YES;
				CLANG_WARN_DEPRECATED_OBJC_IMPLEMENTATIONS = YES;
				CLANG_WARN_DIRECT_OBJC_ISA_USAGE = YES_ERROR;
				CLANG_WARN_DOCUMENTATION_COMMENTS = YES;
				CLANG_WARN_EMPTY_BODY = YES;
				CLANG_WARN_ENUM_CONVERSION = YES;
				CLANG_WARN_INFINITE_RECURSION = YES;
				CLANG_WARN_INT_CONVERSION = YES;
				CLANG_WARN_NON_LITERAL_NULL_CONVERSION = YES;
				CLANG_WARN_OBJC_IMPLICIT_RETAIN_SELF = YES;
				CLANG_WARN_OBJC_LITERAL_CONVERSION = YES;
				CLANG_WARN_OBJC_ROOT_CLASS = YES_ERROR;
				CLANG_WARN_RANGE_LOOP_ANALYSIS = YES;
				CLANG_WARN_STRICT_PROTOTYPES = YES;
				CLANG_WARN_SUSPICIOUS_MOVE = YES;
				CLANG_WARN_UNGUARDED_AVAILABILITY = YES_AGGRESSIVE;
				CLANG_WARN_UNREACHABLE_CODE = YES;
				CLANG_WARN__DUPLICATE_METHOD_MATCH = YES;
				CODE_SIGN_IDENTITY = "iPhone Developer";
				COPY_PHASE_STRIP = NO;
				DEBUG_INFORMATION_FORMAT = "dwarf-with-dsym";
				ENABLE_NS_ASSERTIONS = NO;
				ENABLE_STRICT_OBJC_MSGSEND = YES;
				GCC_C_LANGUAGE_STANDARD = gnu11;
				GCC_NO_COMMON_BLOCKS = YES;
				GCC_WARN_64_TO_32_BIT_CONVERSION = YES;
				GCC_WARN_ABOUT_RETURN_TYPE = YES_ERROR;
				GCC_WARN_UNDECLARED_SELECTOR = YES;
				GCC_WARN_UNINITIALIZED_AUTOS = YES_AGGRESSIVE;
				GCC_WARN_UNUSED_FUNCTION = YES;
				GCC_WARN_UNUSED_VARIABLE = YES;
				IPHONEOS_DEPLOYMENT_TARGET = 12.4;
				MTL_ENABLE_DEBUG_INFO = NO;
				MTL_FAST_MATH = YES;
				SDKROOT = iphoneos;
				SWIFT_COMPILATION_MODE = wholemodule;
				SWIFT_OPTIMIZATION_LEVEL = "-O";
				VALIDATE_PRODUCT = YES;
			};
			name = Release;
		};
		88136E992318B8F900673FC7 /* Debug */ = {
			isa = XCBuildConfiguration;
			buildSettings = {
				ASSETCATALOG_COMPILER_APPICON_NAME = AppIcon;
				CODE_SIGN_STYLE = Automatic;
				DEVELOPMENT_TEAM = WH3HUPURJB;
				INFOPLIST_FILE = BasketballWorksJNB82292019/Info.plist;
				LD_RUNPATH_SEARCH_PATHS = (
					"$(inherited)",
					"@executable_path/Frameworks",
				);
				PRODUCT_BUNDLE_IDENTIFIER = com.joy.BasketballWorksJNB82292019;
				PRODUCT_NAME = "$(TARGET_NAME)";
				SWIFT_VERSION = 5.0;
				TARGETED_DEVICE_FAMILY = "1,2";
			};
			name = Debug;
		};
		88136E9A2318B8F900673FC7 /* Release */ = {
			isa = XCBuildConfiguration;
			buildSettings = {
				ASSETCATALOG_COMPILER_APPICON_NAME = AppIcon;
				CODE_SIGN_STYLE = Automatic;
				DEVELOPMENT_TEAM = WH3HUPURJB;
				INFOPLIST_FILE = BasketballWorksJNB82292019/Info.plist;
				LD_RUNPATH_SEARCH_PATHS = (
					"$(inherited)",
					"@executable_path/Frameworks",
				);
				PRODUCT_BUNDLE_IDENTIFIER = com.joy.BasketballWorksJNB82292019;
				PRODUCT_NAME = "$(TARGET_NAME)";
				SWIFT_VERSION = 5.0;
				TARGETED_DEVICE_FAMILY = "1,2";
			};
			name = Release;
		};
		88136E9C2318B8F900673FC7 /* Debug */ = {
			isa = XCBuildConfiguration;
			buildSettings = {
				ALWAYS_EMBED_SWIFT_STANDARD_LIBRARIES = YES;
				BUNDLE_LOADER = "$(TEST_HOST)";
				CODE_SIGN_STYLE = Automatic;
				DEVELOPMENT_TEAM = WH3HUPURJB;
				INFOPLIST_FILE = BasketballWorksJNB82292019Tests/Info.plist;
				LD_RUNPATH_SEARCH_PATHS = (
					"$(inherited)",
					"@executable_path/Frameworks",
					"@loader_path/Frameworks",
				);
				PRODUCT_BUNDLE_IDENTIFIER = com.joy.BasketballWorksJNB82292019Tests;
				PRODUCT_NAME = "$(TARGET_NAME)";
				SWIFT_VERSION = 5.0;
				TARGETED_DEVICE_FAMILY = "1,2";
				TEST_HOST = "$(BUILT_PRODUCTS_DIR)/BasketballWorksJNB82292019.app/BasketballWorksJNB82292019";
			};
			name = Debug;
		};
		88136E9D2318B8F900673FC7 /* Release */ = {
			isa = XCBuildConfiguration;
			buildSettings = {
				ALWAYS_EMBED_SWIFT_STANDARD_LIBRARIES = YES;
				BUNDLE_LOADER = "$(TEST_HOST)";
				CODE_SIGN_STYLE = Automatic;
				DEVELOPMENT_TEAM = WH3HUPURJB;
				INFOPLIST_FILE = BasketballWorksJNB82292019Tests/Info.plist;
				LD_RUNPATH_SEARCH_PATHS = (
					"$(inherited)",
					"@executable_path/Frameworks",
					"@loader_path/Frameworks",
				);
				PRODUCT_BUNDLE_IDENTIFIER = com.joy.BasketballWorksJNB82292019Tests;
				PRODUCT_NAME = "$(TARGET_NAME)";
				SWIFT_VERSION = 5.0;
				TARGETED_DEVICE_FAMILY = "1,2";
				TEST_HOST = "$(BUILT_PRODUCTS_DIR)/BasketballWorksJNB82292019.app/BasketballWorksJNB82292019";
			};
			name = Release;
		};
		88136E9F2318B8F900673FC7 /* Debug */ = {
			isa = XCBuildConfiguration;
			buildSettings = {
				ALWAYS_EMBED_SWIFT_STANDARD_LIBRARIES = YES;
				CODE_SIGN_STYLE = Automatic;
				DEVELOPMENT_TEAM = WH3HUPURJB;
				INFOPLIST_FILE = BasketballWorksJNB82292019UITests/Info.plist;
				LD_RUNPATH_SEARCH_PATHS = (
					"$(inherited)",
					"@executable_path/Frameworks",
					"@loader_path/Frameworks",
				);
				PRODUCT_BUNDLE_IDENTIFIER = com.joy.BasketballWorksJNB82292019UITests;
				PRODUCT_NAME = "$(TARGET_NAME)";
				SWIFT_VERSION = 5.0;
				TARGETED_DEVICE_FAMILY = "1,2";
				TEST_TARGET_NAME = BasketballWorksJNB82292019;
			};
			name = Debug;
		};
		88136EA02318B8F900673FC7 /* Release */ = {
			isa = XCBuildConfiguration;
			buildSettings = {
				ALWAYS_EMBED_SWIFT_STANDARD_LIBRARIES = YES;
				CODE_SIGN_STYLE = Automatic;
				DEVELOPMENT_TEAM = WH3HUPURJB;
				INFOPLIST_FILE = BasketballWorksJNB82292019UITests/Info.plist;
				LD_RUNPATH_SEARCH_PATHS = (
					"$(inherited)",
					"@executable_path/Frameworks",
					"@loader_path/Frameworks",
				);
				PRODUCT_BUNDLE_IDENTIFIER = com.joy.BasketballWorksJNB82292019UITests;
				PRODUCT_NAME = "$(TARGET_NAME)";
				SWIFT_VERSION = 5.0;
				TARGETED_DEVICE_FAMILY = "1,2";
				TEST_TARGET_NAME = BasketballWorksJNB82292019;
			};
			name = Release;
		};
/* End XCBuildConfiguration section */

/* Begin XCConfigurationList section */
		88136E692318B8F700673FC7 /* Build configuration list for PBXProject "BasketballWorksJNB82292019" */ = {
			isa = XCConfigurationList;
			buildConfigurations = (
				88136E962318B8F900673FC7 /* Debug */,
				88136E972318B8F900673FC7 /* Release */,
			);
			defaultConfigurationIsVisible = 0;
			defaultConfigurationName = Release;
		};
		88136E982318B8F900673FC7 /* Build configuration list for PBXNativeTarget "BasketballWorksJNB82292019" */ = {
			isa = XCConfigurationList;
			buildConfigurations = (
				88136E992318B8F900673FC7 /* Debug */,
				88136E9A2318B8F900673FC7 /* Release */,
			);
			defaultConfigurationIsVisible = 0;
			defaultConfigurationName = Release;
		};
		88136E9B2318B8F900673FC7 /* Build configuration list for PBXNativeTarget "BasketballWorksJNB82292019Tests" */ = {
			isa = XCConfigurationList;
			buildConfigurations = (
				88136E9C2318B8F900673FC7 /* Debug */,
				88136E9D2318B8F900673FC7 /* Release */,
			);
			defaultConfigurationIsVisible = 0;
			defaultConfigurationName = Release;
		};
		88136E9E2318B8F900673FC7 /* Build configuration list for PBXNativeTarget "BasketballWorksJNB82292019UITests" */ = {
			isa = XCConfigurationList;
			buildConfigurations = (
				88136E9F2318B8F900673FC7 /* Debug */,
				88136EA02318B8F900673FC7 /* Release */,
			);
			defaultConfigurationIsVisible = 0;
			defaultConfigurationName = Release;
		};
/* End XCConfigurationList section */
	};
	rootObject = 88136E662318B8F700673FC7 /* Project object */;
}
